Microsoft Visual Studio Solution File, Format Version 12.00
# Visual Studio Version 17
VisualStudioVersion = 17.5.2.0
MinimumVisualStudioVersion = 10.0.40219.1
Project("{FAE04EC0-301F-11D3-BF4B-00C04F79EFBC}") = "Shelly", "Shelly.csproj", "{3C19BE32-C4F3-A36F-C3AB-BB9FC3D611FD}"
EndProject
Global
	GlobalSection(SolutionConfigurationPlatforms) = preSolution
		Debug|Any CPU = Debug|Any CPU
		Release|Any CPU = Release|Any CPU
	EndGlobalSection
	GlobalSection(ProjectConfigurationPlatforms) = postSolution
		{3C19BE32-C4F3-A36F-C3AB-BB9FC3D611FD}.Debug|Any CPU.ActiveCfg = Debug|Any CPU
		{3C19BE32-C4F3-A36F-C3AB-BB9FC3D611FD}.Debug|Any CPU.Build.0 = Debug|Any CPU
		{3C19BE32-C4F3-A36F-C3AB-BB9FC3D611FD}.Release|Any CPU.ActiveCfg = Release|Any CPU
		{3C19BE32-C4F3-A36F-C3AB-BB9FC3D611FD}.Release|Any CPU.Build.0 = Release|Any CPU
	EndGlobalSection
	GlobalSection(SolutionProperties) = preSolution
		HideSolutionNode = FALSE
	EndGlobalSection
	GlobalSection(ExtensibilityGlobals) = postSolution
		SolutionGuid = {569B00C9-A094-4978-9743-C32E4A5ABD50}
	EndGlobalSection
EndGlobal
